
Microsoft Visual Studio Solution File, Format Version 12.00
# Visual Studio 15
VisualStudioVersion = 15.0.27004.2009
MinimumVisualStudioVersion = 10.0.40219.1
Project("{8BC9CEB8-8B4A-11D0-8D11-00A0C91BC942}") = "Not Quite MapQuest", "Not Quite MapQuest\Not Quite MapQuest.vcxproj", "{29B780DC-F992-43B6-90FD-BED552EF4DFD}"
EndProject
Global
	GlobalSection(SolutionConfigurationPlatforms) = preSolution
		Debug|x64 = Debug|x64
		Debug|x86 = Debug|x86
		Release|x64 = Release|x64
		Release|x86 = Release|x86
	EndGlobalSection
	GlobalSection(ProjectConfigurationPlatforms) = postSolution
		{29B780DC-F992-43B6-90FD-BED552EF4DFD}.Debug|x64.ActiveCfg = Debug|x64
		{29B780DC-F992-43B6-90FD-BED552EF4DFD}.Debug|x64.Build.0 = Debug|x64
		{29B780DC-F992-43B6-90FD-BED552EF4DFD}.Debug|x86.ActiveCfg = Debug|Win32
		{29B780DC-F992-43B6-90FD-BED552EF4DFD}.Debug|x86.Build.0 = Debug|Win32
		{29B780DC-F992-43B6-90FD-BED552EF4DFD}.Release|x64.ActiveCfg = Release|x64
		{29B780DC-F992-43B6-90FD-BED552EF4DFD}.Release|x64.Build.0 = Release|x64
		{29B780DC-F992-43B6-90FD-BED552EF4DFD}.Release|x86.ActiveCfg = Release|Win32
		{29B780DC-F992-43B6-90FD-BED552EF4DFD}.Release|x86.Build.0 = Release|Win32
	EndGlobalSection
	GlobalSection(SolutionProperties) = preSolution
		HideSolutionNode = FALSE
	EndGlobalSection
	GlobalSection(ExtensibilityGlobals) = postSolution
		SolutionGuid = {C6DEB939-4649-46D2-8147-E96F5797BE4F}
	EndGlobalSection
EndGlobal
